// !$*UTF8*$!
{
	archiveVersion = 1;
	classes = {
	};
	objectVersion = 51;
	objects = {

/* Begin PBXBuildFile section */
		27936D0C07A918AB204DB773 /* Pods_Compositions.framework in Frameworks */ = {isa = PBXBuildFile; fileRef = 367DD31E85780B03BAF0CB0C /* Pods_Compositions.framework */; };
		5B364CB4221E42C700023851 /* DatePicker.swift in Sources */ = {isa = PBXBuildFile; fileRef = 5B364CB3221E42C700023851 /* DatePicker.swift */; };
		5BADE4A2221C93180024E1AD /* MapView.swift in Sources */ = {isa = PBXBuildFile; fileRef = 5BADE4A1221C93180024E1AD /* MapView.swift */; };
		5BADE4A4221CD72F0024E1AD /* MKDirections.swift in Sources */ = {isa = PBXBuildFile; fileRef = 5BADE4A3221CD72F0024E1AD /* MKDirections.swift */; };
		5BADE4A8221CD8DF0024E1AD /* Layer.swift in Sources */ = {isa = PBXBuildFile; fileRef = 5BADE4A7221CD8DF0024E1AD /* Layer.swift */; };
		5BD544B4221F95CB00F1E909 /* TextInput.swift in Sources */ = {isa = PBXBuildFile; fileRef = 5BD544B3221F95CB00F1E909 /* TextInput.swift */; };
		5BE95E27221BA9B700241571 /* AppDelegate.swift in Sources */ = {isa = PBXBuildFile; fileRef = 5BE95E26221BA9B700241571 /* AppDelegate.swift */; };
		5BE95E29221BA9B700241571 /* ViewController.swift in Sources */ = {isa = PBXBuildFile; fileRef = 5BE95E28221BA9B700241571 /* ViewController.swift */; };
		5BE95E2C221BA9B700241571 /* Main.storyboard in Resources */ = {isa = PBXBuildFile; fileRef = 5BE95E2A221BA9B700241571 /* Main.storyboard */; };
		5BE95E2E221BA9B800241571 /* Assets.xcassets in Resources */ = {isa = PBXBuildFile; fileRef = 5BE95E2D221BA9B800241571 /* Assets.xcassets */; };
		5BE95E31221BA9B800241571 /* LaunchScreen.storyboard in Resources */ = {isa = PBXBuildFile; fileRef = 5BE95E2F221BA9B800241571 /* LaunchScreen.storyboard */; };
		5BE95E3C221BA9B900241571 /* CompositionsTests.swift in Sources */ = {isa = PBXBuildFile; fileRef = 5BE95E3B221BA9B900241571 /* CompositionsTests.swift */; };
		5BE95E56221BADE300241571 /* View.swift in Sources */ = {isa = PBXBuildFile; fileRef = 5BE95E47221BADE200241571 /* View.swift */; };
		5BE95E57221BADE300241571 /* AttributedString.swift in Sources */ = {isa = PBXBuildFile; fileRef = 5BE95E48221BADE300241571 /* AttributedString.swift */; };
		5BE95E58221BADE300241571 /* Decodable.swift in Sources */ = {isa = PBXBuildFile; fileRef = 5BE95E49221BADE300241571 /* Decodable.swift */; };
		5BE95E59221BADE300241571 /* TabBarController.swift in Sources */ = {isa = PBXBuildFile; fileRef = 5BE95E4A221BADE300241571 /* TabBarController.swift */; };
		5BE95E5A221BADE300241571 /* AlertViewController.swift in Sources */ = {isa = PBXBuildFile; fileRef = 5BE95E4B221BADE300241571 /* AlertViewController.swift */; };
		5BE95E5B221BADE300241571 /* ImageView.swift in Sources */ = {isa = PBXBuildFile; fileRef = 5BE95E4C221BADE300241571 /* ImageView.swift */; };
		5BE95E5C221BADE300241571 /* Label.swift in Sources */ = {isa = PBXBuildFile; fileRef = 5BE95E4D221BADE300241571 /* Label.swift */; };
		5BE95E5D221BADE300241571 /* NavigationController.swift in Sources */ = {isa = PBXBuildFile; fileRef = 5BE95E4E221BADE300241571 /* NavigationController.swift */; };
		5BE95E5E221BADE300241571 /* SplitViewController.swift in Sources */ = {isa = PBXBuildFile; fileRef = 5BE95E4F221BADE300241571 /* SplitViewController.swift */; };
		5BE95E5F221BADE300241571 /* TableView.swift in Sources */ = {isa = PBXBuildFile; fileRef = 5BE95E50221BADE300241571 /* TableView.swift */; };
		5BE95E61221BADE300241571 /* StackView.swift in Sources */ = {isa = PBXBuildFile; fileRef = 5BE95E52221BADE300241571 /* StackView.swift */; };
		5BE95E62221BADE300241571 /* PageViewController.swift in Sources */ = {isa = PBXBuildFile; fileRef = 5BE95E53221BADE300241571 /* PageViewController.swift */; };
		5BE95E63221BADE300241571 /* String.swift in Sources */ = {isa = PBXBuildFile; fileRef = 5BE95E54221BADE300241571 /* String.swift */; };
		5BE95E64221BADE300241571 /* Node.swift in Sources */ = {isa = PBXBuildFile; fileRef = 5BE95E55221BADE300241571 /* Node.swift */; };
		752772FDAD5EC1281017FC91 /* Pods_CompositionsTests.framework in Frameworks */ = {isa = PBXBuildFile; fileRef = 40DE90307FB7A9320B791553 /* Pods_CompositionsTests.framework */; };
		D315AEBC22374DEE00EB58CB /* Enum.swift in Sources */ = {isa = PBXBuildFile; fileRef = D315AEBB22374DEE00EB58CB /* Enum.swift */; };
		D315AEBE223899DD00EB58CB /* Collection.swift in Sources */ = {isa = PBXBuildFile; fileRef = D315AEBD223899DD00EB58CB /* Collection.swift */; };
		D31DC608223D67580084B374 /* AsyncNode.swift in Sources */ = {isa = PBXBuildFile; fileRef = D31DC607223D67580084B374 /* AsyncNode.swift */; };
		D3267D5422F7B21200895AA6 /* CycledLens.swift in Sources */ = {isa = PBXBuildFile; fileRef = D3267D5322F7B21200895AA6 /* CycledLens.swift */; };
		D3267D5622F7B27A00895AA6 /* UIView+Reactive.swift in Sources */ = {isa = PBXBuildFile; fileRef = D3267D5522F7B27A00895AA6 /* UIView+Reactive.swift */; };
		D3285B3822F422FD00C516C6 /* Lens.swift in Sources */ = {isa = PBXBuildFile; fileRef = D3285B3722F422FD00C516C6 /* Lens.swift */; };
		D3285B3A22F4231B00C516C6 /* LensTests.swift in Sources */ = {isa = PBXBuildFile; fileRef = D3285B3922F4231B00C516C6 /* LensTests.swift */; };
/* End PBXBuildFile section */

/* Begin PBXContainerItemProxy section */
		5BE95E38221BA9B900241571 /* PBXContainerItemProxy */ = {
			isa = PBXContainerItemProxy;
			containerPortal = 5BE95E1B221BA9B700241571 /* Project object */;
			proxyType = 1;
			remoteGlobalIDString = 5BE95E22221BA9B700241571;
			remoteInfo = Compositions;
		};
/* End PBXContainerItemProxy section */

/* Begin PBXFileReference section */
		15D8B89F1254D669A8CB67A0 /* Pods-CompositionsTests.debug.xcconfig */ = {isa = PBXFileReference; includeInIndex = 1; lastKnownFileType = text.xcconfig; name = "Pods-CompositionsTests.debug.xcconfig"; path = "Target Support Files/Pods-CompositionsTests/Pods-CompositionsTests.debug.xcconfig"; sourceTree = "<group>"; };
		367DD31E85780B03BAF0CB0C /* Pods_Compositions.framework */ = {isa = PBXFileReference; explicitFileType = wrapper.framework; includeInIndex = 0; path = Pods_Compositions.framework; sourceTree = BUILT_PRODUCTS_DIR; };
		40DE90307FB7A9320B791553 /* Pods_CompositionsTests.framework */ = {isa = PBXFileReference; explicitFileType = wrapper.framework; includeInIndex = 0; path = Pods_CompositionsTests.framework; sourceTree = BUILT_PRODUCTS_DIR; };
		5B364CB3221E42C700023851 /* DatePicker.swift */ = {isa = PBXFileReference; lastKnownFileType = sourcecode.swift; path = DatePicker.swift; sourceTree = "<group>"; };
		5BADE4A1221C93180024E1AD /* MapView.swift */ = {isa = PBXFileReference; lastKnownFileType = sourcecode.swift; path = MapView.swift; sourceTree = "<group>"; };
		5BADE4A3221CD72F0024E1AD /* MKDirections.swift */ = {isa = PBXFileReference; lastKnownFileType = sourcecode.swift; path = MKDirections.swift; sourceTree = "<group>"; };
		5BADE4A7221CD8DF0024E1AD /* Layer.swift */ = {isa = PBXFileReference; lastKnownFileType = sourcecode.swift; path = Layer.swift; sourceTree = "<group>"; };
		5BD544B3221F95CB00F1E909 /* TextInput.swift */ = {isa = PBXFileReference; lastKnownFileType = sourcecode.swift; path = TextInput.swift; sourceTree = "<group>"; };
		5BE95E23221BA9B700241571 /* Compositions.app */ = {isa = PBXFileReference; explicitFileType = wrapper.application; includeInIndex = 0; path = Compositions.app; sourceTree = BUILT_PRODUCTS_DIR; };
		5BE95E26221BA9B700241571 /* AppDelegate.swift */ = {isa = PBXFileReference; lastKnownFileType = sourcecode.swift; path = AppDelegate.swift; sourceTree = "<group>"; };
		5BE95E28221BA9B700241571 /* ViewController.swift */ = {isa = PBXFileReference; lastKnownFileType = sourcecode.swift; path = ViewController.swift; sourceTree = "<group>"; };
		5BE95E2B221BA9B700241571 /* Base */ = {isa = PBXFileReference; lastKnownFileType = file.storyboard; name = Base; path = Base.lproj/Main.storyboard; sourceTree = "<group>"; };
		5BE95E2D221BA9B800241571 /* Assets.xcassets */ = {isa = PBXFileReference; lastKnownFileType = folder.assetcatalog; path = Assets.xcassets; sourceTree = "<group>"; };
		5BE95E30221BA9B800241571 /* Base */ = {isa = PBXFileReference; lastKnownFileType = file.storyboard; name = Base; path = Base.lproj/LaunchScreen.storyboard; sourceTree = "<group>"; };
		5BE95E32221BA9B800241571 /* Info.plist */ = {isa = PBXFileReference; lastKnownFileType = text.plist.xml; path = Info.plist; sourceTree = "<group>"; };
		5BE95E37221BA9B900241571 /* CompositionsTests.xctest */ = {isa = PBXFileReference; explicitFileType = wrapper.cfbundle; includeInIndex = 0; path = CompositionsTests.xctest; sourceTree = BUILT_PRODUCTS_DIR; };
		5BE95E3B221BA9B900241571 /* CompositionsTests.swift */ = {isa = PBXFileReference; lastKnownFileType = sourcecode.swift; path = CompositionsTests.swift; sourceTree = "<group>"; };
		5BE95E3D221BA9B900241571 /* Info.plist */ = {isa = PBXFileReference; lastKnownFileType = text.plist.xml; path = Info.plist; sourceTree = "<group>"; };
		5BE95E47221BADE200241571 /* View.swift */ = {isa = PBXFileReference; fileEncoding = 4; lastKnownFileType = sourcecode.swift; path = View.swift; sourceTree = "<group>"; };
		5BE95E48221BADE300241571 /* AttributedString.swift */ = {isa = PBXFileReference; fileEncoding = 4; lastKnownFileType = sourcecode.swift; path = AttributedString.swift; sourceTree = "<group>"; };
		5BE95E49221BADE300241571 /* Decodable.swift */ = {isa = PBXFileReference; fileEncoding = 4; lastKnownFileType = sourcecode.swift; path = Decodable.swift; sourceTree = "<group>"; };
		5BE95E4A221BADE300241571 /* TabBarController.swift */ = {isa = PBXFileReference; fileEncoding = 4; lastKnownFileType = sourcecode.swift; path = TabBarController.swift; sourceTree = "<group>"; };
		5BE95E4B221BADE300241571 /* AlertViewController.swift */ = {isa = PBXFileReference; fileEncoding = 4; lastKnownFileType = sourcecode.swift; path = AlertViewController.swift; sourceTree = "<group>"; };
		5BE95E4C221BADE300241571 /* ImageView.swift */ = {isa = PBXFileReference; fileEncoding = 4; lastKnownFileType = sourcecode.swift; path = ImageView.swift; sourceTree = "<group>"; };
		5BE95E4D221BADE300241571 /* Label.swift */ = {isa = PBXFileReference; fileEncoding = 4; lastKnownFileType = sourcecode.swift; path = Label.swift; sourceTree = "<group>"; };
		5BE95E4E221BADE300241571 /* NavigationController.swift */ = {isa = PBXFileReference; fileEncoding = 4; lastKnownFileType = sourcecode.swift; path = NavigationController.swift; sourceTree = "<group>"; };
		5BE95E4F221BADE300241571 /* SplitViewController.swift */ = {isa = PBXFileReference; fileEncoding = 4; lastKnownFileType = sourcecode.swift; path = SplitViewController.swift; sourceTree = "<group>"; };
		5BE95E50221BADE300241571 /* TableView.swift */ = {isa = PBXFileReference; fileEncoding = 4; lastKnownFileType = sourcecode.swift; path = TableView.swift; sourceTree = "<group>"; };
		5BE95E52221BADE300241571 /* StackView.swift */ = {isa = PBXFileReference; fileEncoding = 4; lastKnownFileType = sourcecode.swift; path = StackView.swift; sourceTree = "<group>"; };
		5BE95E53221BADE300241571 /* PageViewController.swift */ = {isa = PBXFileReference; fileEncoding = 4; lastKnownFileType = sourcecode.swift; path = PageViewController.swift; sourceTree = "<group>"; };
		5BE95E54221BADE300241571 /* String.swift */ = {isa = PBXFileReference; fileEncoding = 4; lastKnownFileType = sourcecode.swift; path = String.swift; sourceTree = "<group>"; };
		5BE95E55221BADE300241571 /* Node.swift */ = {isa = PBXFileReference; fileEncoding = 4; lastKnownFileType = sourcecode.swift; path = Node.swift; sourceTree = "<group>"; };
		7330E0AC42F91EF46EAB31A8 /* Pods-Compositions.debug.xcconfig */ = {isa = PBXFileReference; includeInIndex = 1; lastKnownFileType = text.xcconfig; name = "Pods-Compositions.debug.xcconfig"; path = "Target Support Files/Pods-Compositions/Pods-Compositions.debug.xcconfig"; sourceTree = "<group>"; };
		949A98870BCB4A5F525FF5F8 /* Pods-Compositions.release.xcconfig */ = {isa = PBXFileReference; includeInIndex = 1; lastKnownFileType = text.xcconfig; name = "Pods-Compositions.release.xcconfig"; path = "Target Support Files/Pods-Compositions/Pods-Compositions.release.xcconfig"; sourceTree = "<group>"; };
		D315AEBB22374DEE00EB58CB /* Enum.swift */ = {isa = PBXFileReference; lastKnownFileType = sourcecode.swift; path = Enum.swift; sourceTree = "<group>"; };
		D315AEBD223899DD00EB58CB /* Collection.swift */ = {isa = PBXFileReference; lastKnownFileType = sourcecode.swift; path = Collection.swift; sourceTree = "<group>"; };
		D31DC607223D67580084B374 /* AsyncNode.swift */ = {isa = PBXFileReference; lastKnownFileType = sourcecode.swift; path = AsyncNode.swift; sourceTree = "<group>"; };
		D3267D5322F7B21200895AA6 /* CycledLens.swift */ = {isa = PBXFileReference; lastKnownFileType = sourcecode.swift; path = CycledLens.swift; sourceTree = "<group>"; };
		D3267D5522F7B27A00895AA6 /* UIView+Reactive.swift */ = {isa = PBXFileReference; lastKnownFileType = sourcecode.swift; path = "UIView+Reactive.swift"; sourceTree = "<group>"; };
		D3285B3722F422FD00C516C6 /* Lens.swift */ = {isa = PBXFileReference; lastKnownFileType = sourcecode.swift; path = Lens.swift; sourceTree = "<group>"; };
		D3285B3922F4231B00C516C6 /* LensTests.swift */ = {isa = PBXFileReference; lastKnownFileType = sourcecode.swift; path = LensTests.swift; sourceTree = "<group>"; };
		F755B33993CF092F339F3B2A /* Pods-CompositionsTests.release.xcconfig */ = {isa = PBXFileReference; includeInIndex = 1; lastKnownFileType = text.xcconfig; name = "Pods-CompositionsTests.release.xcconfig"; path = "Target Support Files/Pods-CompositionsTests/Pods-CompositionsTests.release.xcconfig"; sourceTree = "<group>"; };
/* End PBXFileReference section */

/* Begin PBXFrameworksBuildPhase section */
		5BE95E20221BA9B700241571 /* Frameworks */ = {
			isa = PBXFrameworksBuildPhase;
			buildActionMask = 2147483647;
			files = (
				27936D0C07A918AB204DB773 /* Pods_Compositions.framework in Frameworks */,
			);
			runOnlyForDeploymentPostprocessing = 0;
		};
		5BE95E34221BA9B900241571 /* Frameworks */ = {
			isa = PBXFrameworksBuildPhase;
			buildActionMask = 2147483647;
			files = (
				752772FDAD5EC1281017FC91 /* Pods_CompositionsTests.framework in Frameworks */,
			);
			runOnlyForDeploymentPostprocessing = 0;
		};
/* End PBXFrameworksBuildPhase section */

/* Begin PBXGroup section */
		54D5889AE8C2167C8B324311 /* Frameworks */ = {
			isa = PBXGroup;
			children = (
				367DD31E85780B03BAF0CB0C /* Pods_Compositions.framework */,
				40DE90307FB7A9320B791553 /* Pods_CompositionsTests.framework */,
			);
			name = Frameworks;
			sourceTree = "<group>";
		};
		5BE95E1A221BA9B700241571 = {
			isa = PBXGroup;
			children = (
				5BE95E46221BAD9F00241571 /* Compositions */,
				5BE95E25221BA9B700241571 /* Example */,
				5BE95E3A221BA9B900241571 /* CompositionsTests */,
				5BE95E24221BA9B700241571 /* Products */,
				84088181F16B42E7697A4C9E /* Pods */,
				54D5889AE8C2167C8B324311 /* Frameworks */,
			);
			sourceTree = "<group>";
		};
		5BE95E24221BA9B700241571 /* Products */ = {
			isa = PBXGroup;
			children = (
				5BE95E23221BA9B700241571 /* Compositions.app */,
				5BE95E37221BA9B900241571 /* CompositionsTests.xctest */,
			);
			name = Products;
			sourceTree = "<group>";
		};
		5BE95E25221BA9B700241571 /* Example */ = {
			isa = PBXGroup;
			children = (
				5BE95E26221BA9B700241571 /* AppDelegate.swift */,
				5BE95E28221BA9B700241571 /* ViewController.swift */,
				5BE95E2A221BA9B700241571 /* Main.storyboard */,
				5BE95E2D221BA9B800241571 /* Assets.xcassets */,
				5BE95E2F221BA9B800241571 /* LaunchScreen.storyboard */,
				5BE95E32221BA9B800241571 /* Info.plist */,
			);
			path = Example;
			sourceTree = "<group>";
		};
		5BE95E3A221BA9B900241571 /* CompositionsTests */ = {
			isa = PBXGroup;
			children = (
				5BE95E3B221BA9B900241571 /* CompositionsTests.swift */,
				D3285B3922F4231B00C516C6 /* LensTests.swift */,
				5BE95E3D221BA9B900241571 /* Info.plist */,
			);
			path = CompositionsTests;
			sourceTree = "<group>";
		};
		5BE95E46221BAD9F00241571 /* Compositions */ = {
			isa = PBXGroup;
			children = (
				D31DC607223D67580084B374 /* AsyncNode.swift */,
				5BE95E4B221BADE300241571 /* AlertViewController.swift */,
				5BE95E48221BADE300241571 /* AttributedString.swift */,
				5BE95E49221BADE300241571 /* Decodable.swift */,
				5BE95E4C221BADE300241571 /* ImageView.swift */,
				5BADE4A1221C93180024E1AD /* MapView.swift */,
				5BADE4A3221CD72F0024E1AD /* MKDirections.swift */,
				5BE95E4E221BADE300241571 /* NavigationController.swift */,
				5BE95E55221BADE300241571 /* Node.swift */,
				D3285B3722F422FD00C516C6 /* Lens.swift */,
				D3267D5322F7B21200895AA6 /* CycledLens.swift */,
				D3267D5522F7B27A00895AA6 /* UIView+Reactive.swift */,
				5BE95E53221BADE300241571 /* PageViewController.swift */,
				5BE95E4F221BADE300241571 /* SplitViewController.swift */,
				5BE95E52221BADE300241571 /* StackView.swift */,
				5BE95E54221BADE300241571 /* String.swift */,
				5BE95E4A221BADE300241571 /* TabBarController.swift */,
				5BE95E50221BADE300241571 /* TableView.swift */,
				D315AEBB22374DEE00EB58CB /* Enum.swift */,
				D315AEBD223899DD00EB58CB /* Collection.swift */,
				5BE95E4D221BADE300241571 /* Label.swift */,
				5BE95E47221BADE200241571 /* View.swift */,
				5BADE4A7221CD8DF0024E1AD /* Layer.swift */,
				5B364CB3221E42C700023851 /* DatePicker.swift */,
				5BD544B3221F95CB00F1E909 /* TextInput.swift */,
			);
			path = Compositions;
			sourceTree = "<group>";
		};
		84088181F16B42E7697A4C9E /* Pods */ = {
			isa = PBXGroup;
			children = (
				7330E0AC42F91EF46EAB31A8 /* Pods-Compositions.debug.xcconfig */,
				949A98870BCB4A5F525FF5F8 /* Pods-Compositions.release.xcconfig */,
				15D8B89F1254D669A8CB67A0 /* Pods-CompositionsTests.debug.xcconfig */,
				F755B33993CF092F339F3B2A /* Pods-CompositionsTests.release.xcconfig */,
			);
			path = Pods;
			sourceTree = "<group>";
		};
/* End PBXGroup section */

/* Begin PBXNativeTarget section */
		5BE95E22221BA9B700241571 /* Compositions */ = {
			isa = PBXNativeTarget;
			buildConfigurationList = 5BE95E40221BA9B900241571 /* Build configuration list for PBXNativeTarget "Compositions" */;
			buildPhases = (
				DCCC1CA9C1ABE853267F7002 /* [CP] Check Pods Manifest.lock */,
				5BE95E1F221BA9B700241571 /* Sources */,
				5BE95E20221BA9B700241571 /* Frameworks */,
				5BE95E21221BA9B700241571 /* Resources */,
				646957A4C191D425CCEEC293 /* [CP] Embed Pods Frameworks */,
			);
			buildRules = (
			);
			dependencies = (
			);
			name = Compositions;
			productName = Compositions;
			productReference = 5BE95E23221BA9B700241571 /* Compositions.app */;
			productType = "com.apple.product-type.application";
		};
		5BE95E36221BA9B900241571 /* CompositionsTests */ = {
			isa = PBXNativeTarget;
			buildConfigurationList = 5BE95E43221BA9B900241571 /* Build configuration list for PBXNativeTarget "CompositionsTests" */;
			buildPhases = (
				7EB87D3413D6D887AB4A4502 /* [CP] Check Pods Manifest.lock */,
				5BE95E33221BA9B900241571 /* Sources */,
				5BE95E34221BA9B900241571 /* Frameworks */,
				5BE95E35221BA9B900241571 /* Resources */,
				534A330AE664AC7E05573B64 /* [CP] Embed Pods Frameworks */,
			);
			buildRules = (
			);
			dependencies = (
				5BE95E39221BA9B900241571 /* PBXTargetDependency */,
			);
			name = CompositionsTests;
			productName = CompositionsTests;
			productReference = 5BE95E37221BA9B900241571 /* CompositionsTests.xctest */;
			productType = "com.apple.product-type.bundle.unit-test";
		};
/* End PBXNativeTarget section */

/* Begin PBXProject section */
		5BE95E1B221BA9B700241571 /* Project object */ = {
			isa = PBXProject;
			attributes = {
				LastSwiftUpdateCheck = 1010;
				LastUpgradeCheck = 1010;
				ORGANIZATIONNAME = "Brian Semiglia";
				TargetAttributes = {
					5BE95E22221BA9B700241571 = {
						CreatedOnToolsVersion = 10.1;
						LastSwiftMigration = 1020;
					};
					5BE95E36221BA9B900241571 = {
						CreatedOnToolsVersion = 10.1;
						LastSwiftMigration = 1020;
						TestTargetID = 5BE95E22221BA9B700241571;
					};
				};
			};
			buildConfigurationList = 5BE95E1E221BA9B700241571 /* Build configuration list for PBXProject "Compositions" */;
			compatibilityVersion = "Xcode 9.3";
			developmentRegion = en;
			hasScannedForEncodings = 0;
			knownRegions = (
				en,
				Base,
			);
			mainGroup = 5BE95E1A221BA9B700241571;
			productRefGroup = 5BE95E24221BA9B700241571 /* Products */;
			projectDirPath = "";
			projectRoot = "";
			targets = (
				5BE95E22221BA9B700241571 /* Compositions */,
				5BE95E36221BA9B900241571 /* CompositionsTests */,
			);
		};
/* End PBXProject section */

/* Begin PBXResourcesBuildPhase section */
		5BE95E21221BA9B700241571 /* Resources */ = {
			isa = PBXResourcesBuildPhase;
			buildActionMask = 2147483647;
			files = (
				5BE95E31221BA9B800241571 /* LaunchScreen.storyboard in Resources */,
				5BE95E2E221BA9B800241571 /* Assets.xcassets in Resources */,
				5BE95E2C221BA9B700241571 /* Main.storyboard in Resources */,
			);
			runOnlyForDeploymentPostprocessing = 0;
		};
		5BE95E35221BA9B900241571 /* Resources */ = {
			isa = PBXResourcesBuildPhase;
			buildActionMask = 2147483647;
			files = (
			);
			runOnlyForDeploymentPostprocessing = 0;
		};
/* End PBXResourcesBuildPhase section */

/* Begin PBXShellScriptBuildPhase section */
		534A330AE664AC7E05573B64 /* [CP] Embed Pods Frameworks */ = {
			isa = PBXShellScriptBuildPhase;
			buildActionMask = 2147483647;
			files = (
			);
			inputFileListPaths = (
				"${PODS_ROOT}/Target Support Files/Pods-CompositionsTests/Pods-CompositionsTests-frameworks-${CONFIGURATION}-input-files.xcfilelist",
			);
			name = "[CP] Embed Pods Frameworks";
			outputFileListPaths = (
				"${PODS_ROOT}/Target Support Files/Pods-CompositionsTests/Pods-CompositionsTests-frameworks-${CONFIGURATION}-output-files.xcfilelist",
			);
			runOnlyForDeploymentPostprocessing = 0;
			shellPath = /bin/sh;
			shellScript = "\"${PODS_ROOT}/Target Support Files/Pods-CompositionsTests/Pods-CompositionsTests-frameworks.sh\"\n";
			showEnvVarsInLog = 0;
		};
		646957A4C191D425CCEEC293 /* [CP] Embed Pods Frameworks */ = {
			isa = PBXShellScriptBuildPhase;
			buildActionMask = 2147483647;
			files = (
			);
			inputFileListPaths = (
				"${PODS_ROOT}/Target Support Files/Pods-Compositions/Pods-Compositions-frameworks-${CONFIGURATION}-input-files.xcfilelist",
			);
			name = "[CP] Embed Pods Frameworks";
			outputFileListPaths = (
				"${PODS_ROOT}/Target Support Files/Pods-Compositions/Pods-Compositions-frameworks-${CONFIGURATION}-output-files.xcfilelist",
			);
			runOnlyForDeploymentPostprocessing = 0;
			shellPath = /bin/sh;
			shellScript = "\"${PODS_ROOT}/Target Support Files/Pods-Compositions/Pods-Compositions-frameworks.sh\"\n";
			showEnvVarsInLog = 0;
		};
		7EB87D3413D6D887AB4A4502 /* [CP] Check Pods Manifest.lock */ = {
			isa = PBXShellScriptBuildPhase;
			buildActionMask = 2147483647;
			files = (
			);
			inputFileListPaths = (
			);
			inputPaths = (
				"${PODS_PODFILE_DIR_PATH}/Podfile.lock",
				"${PODS_ROOT}/Manifest.lock",
			);
			name = "[CP] Check Pods Manifest.lock";
			outputFileListPaths = (
			);
			outputPaths = (
				"$(DERIVED_FILE_DIR)/Pods-CompositionsTests-checkManifestLockResult.txt",
			);
			runOnlyForDeploymentPostprocessing = 0;
			shellPath = /bin/sh;
			shellScript = "diff \"${PODS_PODFILE_DIR_PATH}/Podfile.lock\" \"${PODS_ROOT}/Manifest.lock\" > /dev/null\nif [ $? != 0 ] ; then\n    # print error to STDERR\n    echo \"error: The sandbox is not in sync with the Podfile.lock. Run 'pod install' or update your CocoaPods installation.\" >&2\n    exit 1\nfi\n# This output is used by Xcode 'outputs' to avoid re-running this script phase.\necho \"SUCCESS\" > \"${SCRIPT_OUTPUT_FILE_0}\"\n";
			showEnvVarsInLog = 0;
		};
		DCCC1CA9C1ABE853267F7002 /* [CP] Check Pods Manifest.lock */ = {
			isa = PBXShellScriptBuildPhase;
			buildActionMask = 2147483647;
			files = (
			);
			inputFileListPaths = (
			);
			inputPaths = (
				"${PODS_PODFILE_DIR_PATH}/Podfile.lock",
				"${PODS_ROOT}/Manifest.lock",
			);
			name = "[CP] Check Pods Manifest.lock";
			outputFileListPaths = (
			);
			outputPaths = (
				"$(DERIVED_FILE_DIR)/Pods-Compositions-checkManifestLockResult.txt",
			);
			runOnlyForDeploymentPostprocessing = 0;
			shellPath = /bin/sh;
			shellScript = "diff \"${PODS_PODFILE_DIR_PATH}/Podfile.lock\" \"${PODS_ROOT}/Manifest.lock\" > /dev/null\nif [ $? != 0 ] ; then\n    # print error to STDERR\n    echo \"error: The sandbox is not in sync with the Podfile.lock. Run 'pod install' or update your CocoaPods installation.\" >&2\n    exit 1\nfi\n# This output is used by Xcode 'outputs' to avoid re-running this script phase.\necho \"SUCCESS\" > \"${SCRIPT_OUTPUT_FILE_0}\"\n";
			showEnvVarsInLog = 0;
		};
/* End PBXShellScriptBuildPhase section */

/* Begin PBXSourcesBuildPhase section */
		5BE95E1F221BA9B700241571 /* Sources */ = {
			isa = PBXSourcesBuildPhase;
			buildActionMask = 2147483647;
			files = (
				5BE95E5B221BADE300241571 /* ImageView.swift in Sources */,
				5BD544B4221F95CB00F1E909 /* TextInput.swift in Sources */,
				5BE95E61221BADE300241571 /* StackView.swift in Sources */,
				5BE95E5F221BADE300241571 /* TableView.swift in Sources */,
				5BADE4A8221CD8DF0024E1AD /* Layer.swift in Sources */,
				5BE95E57221BADE300241571 /* AttributedString.swift in Sources */,
				D31DC608223D67580084B374 /* AsyncNode.swift in Sources */,
				D3267D5422F7B21200895AA6 /* CycledLens.swift in Sources */,
				5BE95E5E221BADE300241571 /* SplitViewController.swift in Sources */,
				5BE95E5A221BADE300241571 /* AlertViewController.swift in Sources */,
				D315AEBC22374DEE00EB58CB /* Enum.swift in Sources */,
				5BE95E62221BADE300241571 /* PageViewController.swift in Sources */,
				5B364CB4221E42C700023851 /* DatePicker.swift in Sources */,
				5BADE4A2221C93180024E1AD /* MapView.swift in Sources */,
				5BE95E29221BA9B700241571 /* ViewController.swift in Sources */,
				D3267D5622F7B27A00895AA6 /* UIView+Reactive.swift in Sources */,
				5BE95E5C221BADE300241571 /* Label.swift in Sources */,
				5BE95E27221BA9B700241571 /* AppDelegate.swift in Sources */,
				D315AEBE223899DD00EB58CB /* Collection.swift in Sources */,
				5BADE4A4221CD72F0024E1AD /* MKDirections.swift in Sources */,
				5BE95E64221BADE300241571 /* Node.swift in Sources */,
				D3285B3822F422FD00C516C6 /* Lens.swift in Sources */,
				5BE95E59221BADE300241571 /* TabBarController.swift in Sources */,
				5BE95E5D221BADE300241571 /* NavigationController.swift in Sources */,
				5BE95E58221BADE300241571 /* Decodable.swift in Sources */,
				5BE95E63221BADE300241571 /* String.swift in Sources */,
				5BE95E56221BADE300241571 /* View.swift in Sources */,
			);
			runOnlyForDeploymentPostprocessing = 0;
		};
		5BE95E33221BA9B900241571 /* Sources */ = {
			isa = PBXSourcesBuildPhase;
			buildActionMask = 2147483647;
			files = (
				5BE95E3C221BA9B900241571 /* CompositionsTests.swift in Sources */,
				D3285B3A22F4231B00C516C6 /* LensTests.swift in Sources */,
			);
			runOnlyForDeploymentPostprocessing = 0;
		};
/* End PBXSourcesBuildPhase section */

/* Begin PBXTargetDependency section */
		5BE95E39221BA9B900241571 /* PBXTargetDependency */ = {
			isa = PBXTargetDependency;
			target = 5BE95E22221BA9B700241571 /* Compositions */;
			targetProxy = 5BE95E38221BA9B900241571 /* PBXContainerItemProxy */;
		};
/* End PBXTargetDependency section */

/* Begin PBXVariantGroup section */
		5BE95E2A221BA9B700241571 /* Main.storyboard */ = {
			isa = PBXVariantGroup;
			children = (
				5BE95E2B221BA9B700241571 /* Base */,
			);
			name = Main.storyboard;
			sourceTree = "<group>";
		};
		5BE95E2F221BA9B800241571 /* LaunchScreen.storyboard */ = {
			isa = PBXVariantGroup;
			children = (
				5BE95E30221BA9B800241571 /* Base */,
			);
			name = LaunchScreen.storyboard;
			sourceTree = "<group>";
		};
/* End PBXVariantGroup section */

/* Begin XCBuildConfiguration section */
		5BE95E3E221BA9B900241571 /* Debug */ = {
			isa = XCBuildConfiguration;
			buildSettings = {
				ALWAYS_SEARCH_USER_PATHS = NO;
				CLANG_ANALYZER_NONNULL = YES;
				CLANG_ANALYZER_NUMBER_OBJECT_CONVERSION = YES_AGGRESSIVE;
				CLANG_CXX_LANGUAGE_STANDARD = "gnu++14";
				CLANG_CXX_LIBRARY = "libc++";
				CLANG_ENABLE_MODULES = YES;
				CLANG_ENABLE_OBJC_ARC = YES;
				CLANG_ENABLE_OBJC_WEAK = YES;
				CLANG_WARN_BLOCK_CAPTURE_AUTORELEASING = YES;
				CLANG_WARN_BOOL_CONVERSION = YES;
				CLANG_WARN_COMMA = YES;
				CLANG_WARN_CONSTANT_CONVERSION = YES;
				CLANG_WARN_DEPRECATED_OBJC_IMPLEMENTATIONS = YES;
				CLANG_WARN_DIRECT_OBJC_ISA_USAGE = YES_ERROR;
				CLANG_WARN_DOCUMENTATION_COMMENTS = YES;
				CLANG_WARN_EMPTY_BODY = YES;
				CLANG_WARN_ENUM_CONVERSION = YES;
				CLANG_WARN_INFINITE_RECURSION = YES;
				CLANG_WARN_INT_CONVERSION = YES;
				CLANG_WARN_NON_LITERAL_NULL_CONVERSION = YES;
				CLANG_WARN_OBJC_IMPLICIT_RETAIN_SELF = YES;
				CLANG_WARN_OBJC_LITERAL_CONVERSION = YES;
				CLANG_WARN_OBJC_ROOT_CLASS = YES_ERROR;
				CLANG_WARN_RANGE_LOOP_ANALYSIS = YES;
				CLANG_WARN_STRICT_PROTOTYPES = YES;
				CLANG_WARN_SUSPICIOUS_MOVE = YES;
				CLANG_WARN_UNGUARDED_AVAILABILITY = YES_AGGRESSIVE;
				CLANG_WARN_UNREACHABLE_CODE = YES;
				CLANG_WARN__DUPLICATE_METHOD_MATCH = YES;
				CODE_SIGN_IDENTITY = "iPhone Developer";
				COPY_PHASE_STRIP = NO;
				DEBUG_INFORMATION_FORMAT = dwarf;
				ENABLE_STRICT_OBJC_MSGSEND = YES;
				ENABLE_TESTABILITY = YES;
				GCC_C_LANGUAGE_STANDARD = gnu11;
				GCC_DYNAMIC_NO_PIC = NO;
				GCC_NO_COMMON_BLOCKS = YES;
				GCC_OPTIMIZATION_LEVEL = 0;
				GCC_PREPROCESSOR_DEFINITIONS = (
					"DEBUG=1",
					"$(inherited)",
				);
				GCC_WARN_64_TO_32_BIT_CONVERSION = YES;
				GCC_WARN_ABOUT_RETURN_TYPE = YES_ERROR;
				GCC_WARN_UNDECLARED_SELECTOR = YES;
				GCC_WARN_UNINITIALIZED_AUTOS = YES_AGGRESSIVE;
				GCC_WARN_UNUSED_FUNCTION = YES;
				GCC_WARN_UNUSED_VARIABLE = YES;
				IPHONEOS_DEPLOYMENT_TARGET = 12.1;
				MTL_ENABLE_DEBUG_INFO = INCLUDE_SOURCE;
				MTL_FAST_MATH = YES;
				ONLY_ACTIVE_ARCH = YES;
				SDKROOT = iphoneos;
				SWIFT_ACTIVE_COMPILATION_CONDITIONS = DEBUG;
				SWIFT_OPTIMIZATION_LEVEL = "-Onone";
			};
			name = Debug;
		};
		5BE95E3F221BA9B900241571 /* Release */ = {
			isa = XCBuildConfiguration;
			buildSettings = {
				ALWAYS_SEARCH_USER_PATHS = NO;
				CLANG_ANALYZER_NONNULL = YES;
				CLANG_ANALYZER_NUMBER_OBJECT_CONVERSION = YES_AGGRESSIVE;
				CLANG_CXX_LANGUAGE_STANDARD = "gnu++14";
				CLANG_CXX_LIBRARY = "libc++";
				CLANG_ENABLE_MODULES = YES;
				CLANG_ENABLE_OBJC_ARC = YES;
				CLANG_ENABLE_OBJC_WEAK = YES;
				CLANG_WARN_BLOCK_CAPTURE_AUTORELEASING = YES;
				CLANG_WARN_BOOL_CONVERSION = YES;
				CLANG_WARN_COMMA = YES;
				CLANG_WARN_CONSTANT_CONVERSION = YES;
				CLANG_WARN_DEPRECATED_OBJC_IMPLEMENTATIONS = YES;
				CLANG_WARN_DIRECT_OBJC_ISA_USAGE = YES_ERROR;
				CLANG_WARN_DOCUMENTATION_COMMENTS = YES;
				CLANG_WARN_EMPTY_BODY = YES;
				CLANG_WARN_ENUM_CONVERSION = YES;
				CLANG_WARN_INFINITE_RECURSION = YES;
				CLANG_WARN_INT_CONVERSION = YES;
				CLANG_WARN_NON_LITERAL_NULL_CONVERSION = YES;
				CLANG_WARN_OBJC_IMPLICIT_RETAIN_SELF = YES;
				CLANG_WARN_OBJC_LITERAL_CONVERSION = YES;
				CLANG_WARN_OBJC_ROOT_CLASS = YES_ERROR;
				CLANG_WARN_RANGE_LOOP_ANALYSIS = YES;
				CLANG_WARN_STRICT_PROTOTYPES = YES;
				CLANG_WARN_SUSPICIOUS_MOVE = YES;
				CLANG_WARN_UNGUARDED_AVAILABILITY = YES_AGGRESSIVE;
				CLANG_WARN_UNREACHABLE_CODE = YES;
				CLANG_WARN__DUPLICATE_METHOD_MATCH = YES;
				CODE_SIGN_IDENTITY = "iPhone Developer";
				COPY_PHASE_STRIP = NO;
				DEBUG_INFORMATION_FORMAT = "dwarf-with-dsym";
				ENABLE_NS_ASSERTIONS = NO;
				ENABLE_STRICT_OBJC_MSGSEND = YES;
				GCC_C_LANGUAGE_STANDARD = gnu11;
				GCC_NO_COMMON_BLOCKS = YES;
				GCC_WARN_64_TO_32_BIT_CONVERSION = YES;
				GCC_WARN_ABOUT_RETURN_TYPE = YES_ERROR;
				GCC_WARN_UNDECLARED_SELECTOR = YES;
				GCC_WARN_UNINITIALIZED_AUTOS = YES_AGGRESSIVE;
				GCC_WARN_UNUSED_FUNCTION = YES;
				GCC_WARN_UNUSED_VARIABLE = YES;
				IPHONEOS_DEPLOYMENT_TARGET = 12.1;
				MTL_ENABLE_DEBUG_INFO = NO;
				MTL_FAST_MATH = YES;
				SDKROOT = iphoneos;
				SWIFT_COMPILATION_MODE = wholemodule;
				SWIFT_OPTIMIZATION_LEVEL = "-O";
				VALIDATE_PRODUCT = YES;
			};
			name = Release;
		};
		5BE95E41221BA9B900241571 /* Debug */ = {
			isa = XCBuildConfiguration;
			baseConfigurationReference = 7330E0AC42F91EF46EAB31A8 /* Pods-Compositions.debug.xcconfig */;
			buildSettings = {
				ASSETCATALOG_COMPILER_APPICON_NAME = AppIcon;
				CODE_SIGN_STYLE = Automatic;
				DEVELOPMENT_TEAM = 9R3LQ2Q36B;
				INFOPLIST_FILE = Example/Info.plist;
				LD_RUNPATH_SEARCH_PATHS = (
					"$(inherited)",
					"@executable_path/Frameworks",
				);
				PRODUCT_BUNDLE_IDENTIFIER = com.briansemiglia.Compositions;
				PRODUCT_NAME = "$(TARGET_NAME)";
				SWIFT_VERSION = 5.0;
				TARGETED_DEVICE_FAMILY = "1,2";
			};
			name = Debug;
		};
		5BE95E42221BA9B900241571 /* Release */ = {
			isa = XCBuildConfiguration;
			baseConfigurationReference = 949A98870BCB4A5F525FF5F8 /* Pods-Compositions.release.xcconfig */;
			buildSettings = {
				ASSETCATALOG_COMPILER_APPICON_NAME = AppIcon;
				CODE_SIGN_STYLE = Automatic;
				DEVELOPMENT_TEAM = 9R3LQ2Q36B;
				INFOPLIST_FILE = Example/Info.plist;
				LD_RUNPATH_SEARCH_PATHS = (
					"$(inherited)",
					"@executable_path/Frameworks",
				);
				PRODUCT_BUNDLE_IDENTIFIER = com.briansemiglia.Compositions;
				PRODUCT_NAME = "$(TARGET_NAME)";
				SWIFT_VERSION = 5.0;
				TARGETED_DEVICE_FAMILY = "1,2";
			};
			name = Release;
		};
		5BE95E44221BA9B900241571 /* Debug */ = {
			isa = XCBuildConfiguration;
			baseConfigurationReference = 15D8B89F1254D669A8CB67A0 /* Pods-CompositionsTests.debug.xcconfig */;
			buildSettings = {
				ALWAYS_EMBED_SWIFT_STANDARD_LIBRARIES = YES;
				BUNDLE_LOADER = "$(TEST_HOST)";
				CODE_SIGN_STYLE = Automatic;
				INFOPLIST_FILE = CompositionsTests/Info.plist;
				LD_RUNPATH_SEARCH_PATHS = (
					"$(inherited)",
					"@executable_path/Frameworks",
					"@loader_path/Frameworks",
				);
				PRODUCT_BUNDLE_IDENTIFIER = com.briansemiglia.CompositionsTests;
				PRODUCT_NAME = "$(TARGET_NAME)";
				SWIFT_VERSION = 5.0;
				TARGETED_DEVICE_FAMILY = "1,2";
				TEST_HOST = "$(BUILT_PRODUCTS_DIR)/Compositions.app/Compositions";
			};
			name = Debug;
		};
		5BE95E45221BA9B900241571 /* Release */ = {
			isa = XCBuildConfiguration;
			baseConfigurationReference = F755B33993CF092F339F3B2A /* Pods-CompositionsTests.release.xcconfig */;
			buildSettings = {
				ALWAYS_EMBED_SWIFT_STANDARD_LIBRARIES = YES;
				BUNDLE_LOADER = "$(TEST_HOST)";
				CODE_SIGN_STYLE = Automatic;
				INFOPLIST_FILE = CompositionsTests/Info.plist;
				LD_RUNPATH_SEARCH_PATHS = (
					"$(inherited)",
					"@executable_path/Frameworks",
					"@loader_path/Frameworks",
				);
				PRODUCT_BUNDLE_IDENTIFIER = com.briansemiglia.CompositionsTests;
				PRODUCT_NAME = "$(TARGET_NAME)";
				SWIFT_VERSION = 5.0;
				TARGETED_DEVICE_FAMILY = "1,2";
				TEST_HOST = "$(BUILT_PRODUCTS_DIR)/Compositions.app/Compositions";
			};
			name = Release;
		};
/* End XCBuildConfiguration section */

/* Begin XCConfigurationList section */
		5BE95E1E221BA9B700241571 /* Build configuration list for PBXProject "Compositions" */ = {
			isa = XCConfigurationList;
			buildConfigurations = (
				5BE95E3E221BA9B900241571 /* Debug */,
				5BE95E3F221BA9B900241571 /* Release */,
			);
			defaultConfigurationIsVisible = 0;
			defaultConfigurationName = Release;
		};
		5BE95E40221BA9B900241571 /* Build configuration list for PBXNativeTarget "Compositions" */ = {
			isa = XCConfigurationList;
			buildConfigurations = (
				5BE95E41221BA9B900241571 /* Debug */,
				5BE95E42221BA9B900241571 /* Release */,
			);
			defaultConfigurationIsVisible = 0;
			defaultConfigurationName = Release;
		};
		5BE95E43221BA9B900241571 /* Build configuration list for PBXNativeTarget "CompositionsTests" */ = {
			isa = XCConfigurationList;
			buildConfigurations = (
				5BE95E44221BA9B900241571 /* Debug */,
				5BE95E45221BA9B900241571 /* Release */,
			);
			defaultConfigurationIsVisible = 0;
			defaultConfigurationName = Release;
		};
/* End XCConfigurationList section */
	};
	rootObject = 5BE95E1B221BA9B700241571 /* Project object */;
}
